// !$*UTF8*$!
{
	archiveVersion = 1;
	classes = {
	};
	objectVersion = 46;
	objects = {

/* Begin PBXBuildFile section */
		1712F23542D5B12A15BC593B /* Pods_SwiftyTests.framework in Frameworks */ = {isa = PBXBuildFile; fileRef = 8EABF98E6A1508EB333D5709 /* Pods_SwiftyTests.framework */; };
		5983755341F04F394C82A112 /* Pods_Swifty.framework in Frameworks */ = {isa = PBXBuildFile; fileRef = 1D6AA5D97BF9B7E3A455D7C5 /* Pods_Swifty.framework */; };
		7468B7151DFC5E82009A6CD5 /* AppDelegate.swift in Sources */ = {isa = PBXBuildFile; fileRef = 7468B7141DFC5E82009A6CD5 /* AppDelegate.swift */; };
		7468B71A1DFC5E82009A6CD5 /* Main.storyboard in Resources */ = {isa = PBXBuildFile; fileRef = 7468B7181DFC5E82009A6CD5 /* Main.storyboard */; };
		7468B71C1DFC5E82009A6CD5 /* Assets.xcassets in Resources */ = {isa = PBXBuildFile; fileRef = 7468B71B1DFC5E82009A6CD5 /* Assets.xcassets */; };
		7468B71F1DFC5E82009A6CD5 /* LaunchScreen.storyboard in Resources */ = {isa = PBXBuildFile; fileRef = 7468B71D1DFC5E82009A6CD5 /* LaunchScreen.storyboard */; };
		7468B72A1DFC5E82009A6CD5 /* SwiftyTests.swift in Sources */ = {isa = PBXBuildFile; fileRef = 7468B7291DFC5E82009A6CD5 /* SwiftyTests.swift */; };
		7468B7351DFC5E82009A6CD5 /* SwiftyUITests.swift in Sources */ = {isa = PBXBuildFile; fileRef = 7468B7341DFC5E82009A6CD5 /* SwiftyUITests.swift */; };
		7468B7481DFC5F58009A6CD5 /* ButtonBadge.storyboard in Resources */ = {isa = PBXBuildFile; fileRef = 7468B7471DFC5F58009A6CD5 /* ButtonBadge.storyboard */; };
		7468B74A1DFC5F70009A6CD5 /* ButtonBadgeController.swift in Sources */ = {isa = PBXBuildFile; fileRef = 7468B7491DFC5F70009A6CD5 /* ButtonBadgeController.swift */; };
		7468B74C1DFC6330009A6CD5 /* MainViewController.swift in Sources */ = {isa = PBXBuildFile; fileRef = 7468B74B1DFC6330009A6CD5 /* MainViewController.swift */; };
		BB526BF62A4EAC3DB2614FAD /* Pods_SwiftyUITests.framework in Frameworks */ = {isa = PBXBuildFile; fileRef = 1E78568A194FA5D39DEED5C6 /* Pods_SwiftyUITests.framework */; };
/* End PBXBuildFile section */

/* Begin PBXContainerItemProxy section */
		7468B7261DFC5E82009A6CD5 /* PBXContainerItemProxy */ = {
			isa = PBXContainerItemProxy;
			containerPortal = 7468B7091DFC5E82009A6CD5 /* Project object */;
			proxyType = 1;
			remoteGlobalIDString = 7468B7101DFC5E82009A6CD5;
			remoteInfo = Swifty;
		};
		7468B7311DFC5E82009A6CD5 /* PBXContainerItemProxy */ = {
			isa = PBXContainerItemProxy;
			containerPortal = 7468B7091DFC5E82009A6CD5 /* Project object */;
			proxyType = 1;
			remoteGlobalIDString = 7468B7101DFC5E82009A6CD5;
			remoteInfo = Swifty;
		};
/* End PBXContainerItemProxy section */

/* Begin PBXFileReference section */
		1307A00AE3BCA7A5ED6E26C9 /* Pods-Swifty.release.xcconfig */ = {isa = PBXFileReference; includeInIndex = 1; lastKnownFileType = text.xcconfig; name = "Pods-Swifty.release.xcconfig"; path = "Pods/Target Support Files/Pods-Swifty/Pods-Swifty.release.xcconfig"; sourceTree = "<group>"; };
		1D6AA5D97BF9B7E3A455D7C5 /* Pods_Swifty.framework */ = {isa = PBXFileReference; explicitFileType = wrapper.framework; includeInIndex = 0; path = Pods_Swifty.framework; sourceTree = BUILT_PRODUCTS_DIR; };
		1E78568A194FA5D39DEED5C6 /* Pods_SwiftyUITests.framework */ = {isa = PBXFileReference; explicitFileType = wrapper.framework; includeInIndex = 0; path = Pods_SwiftyUITests.framework; sourceTree = BUILT_PRODUCTS_DIR; };
		26EF8BF5A7BC6E50258A190B /* Pods-SwiftyTests.debug.xcconfig */ = {isa = PBXFileReference; includeInIndex = 1; lastKnownFileType = text.xcconfig; name = "Pods-SwiftyTests.debug.xcconfig"; path = "Pods/Target Support Files/Pods-SwiftyTests/Pods-SwiftyTests.debug.xcconfig"; sourceTree = "<group>"; };
		3F2491193DEB62891E5C9AB7 /* Pods-SwiftyUITests.debug.xcconfig */ = {isa = PBXFileReference; includeInIndex = 1; lastKnownFileType = text.xcconfig; name = "Pods-SwiftyUITests.debug.xcconfig"; path = "Pods/Target Support Files/Pods-SwiftyUITests/Pods-SwiftyUITests.debug.xcconfig"; sourceTree = "<group>"; };
		4861D24488C6DCC1D49F10D0 /* Pods-Swifty.debug.xcconfig */ = {isa = PBXFileReference; includeInIndex = 1; lastKnownFileType = text.xcconfig; name = "Pods-Swifty.debug.xcconfig"; path = "Pods/Target Support Files/Pods-Swifty/Pods-Swifty.debug.xcconfig"; sourceTree = "<group>"; };
		7468B7111DFC5E82009A6CD5 /* Swifty.app */ = {isa = PBXFileReference; explicitFileType = wrapper.application; includeInIndex = 0; path = Swifty.app; sourceTree = BUILT_PRODUCTS_DIR; };
		7468B7141DFC5E82009A6CD5 /* AppDelegate.swift */ = {isa = PBXFileReference; lastKnownFileType = sourcecode.swift; path = AppDelegate.swift; sourceTree = "<group>"; };
		7468B7191DFC5E82009A6CD5 /* Base */ = {isa = PBXFileReference; lastKnownFileType = file.storyboard; name = Base; path = Base.lproj/Main.storyboard; sourceTree = "<group>"; };
		7468B71B1DFC5E82009A6CD5 /* Assets.xcassets */ = {isa = PBXFileReference; lastKnownFileType = folder.assetcatalog; path = Assets.xcassets; sourceTree = "<group>"; };
		7468B71E1DFC5E82009A6CD5 /* Base */ = {isa = PBXFileReference; lastKnownFileType = file.storyboard; name = Base; path = Base.lproj/LaunchScreen.storyboard; sourceTree = "<group>"; };
		7468B7201DFC5E82009A6CD5 /* Info.plist */ = {isa = PBXFileReference; lastKnownFileType = text.plist.xml; path = Info.plist; sourceTree = "<group>"; };
		7468B7251DFC5E82009A6CD5 /* SwiftyTests.xctest */ = {isa = PBXFileReference; explicitFileType = wrapper.cfbundle; includeInIndex = 0; path = SwiftyTests.xctest; sourceTree = BUILT_PRODUCTS_DIR; };
		7468B7291DFC5E82009A6CD5 /* SwiftyTests.swift */ = {isa = PBXFileReference; lastKnownFileType = sourcecode.swift; path = SwiftyTests.swift; sourceTree = "<group>"; };
		7468B72B1DFC5E82009A6CD5 /* Info.plist */ = {isa = PBXFileReference; lastKnownFileType = text.plist.xml; path = Info.plist; sourceTree = "<group>"; };
		7468B7301DFC5E82009A6CD5 /* SwiftyUITests.xctest */ = {isa = PBXFileReference; explicitFileType = wrapper.cfbundle; includeInIndex = 0; path = SwiftyUITests.xctest; sourceTree = BUILT_PRODUCTS_DIR; };
		7468B7341DFC5E82009A6CD5 /* SwiftyUITests.swift */ = {isa = PBXFileReference; lastKnownFileType = sourcecode.swift; path = SwiftyUITests.swift; sourceTree = "<group>"; };
		7468B7361DFC5E82009A6CD5 /* Info.plist */ = {isa = PBXFileReference; lastKnownFileType = text.plist.xml; path = Info.plist; sourceTree = "<group>"; };
		7468B7471DFC5F58009A6CD5 /* ButtonBadge.storyboard */ = {isa = PBXFileReference; fileEncoding = 4; lastKnownFileType = file.storyboard; path = ButtonBadge.storyboard; sourceTree = "<group>"; };
		7468B7491DFC5F70009A6CD5 /* ButtonBadgeController.swift */ = {isa = PBXFileReference; fileEncoding = 4; lastKnownFileType = sourcecode.swift; path = ButtonBadgeController.swift; sourceTree = "<group>"; };
		7468B74B1DFC6330009A6CD5 /* MainViewController.swift */ = {isa = PBXFileReference; fileEncoding = 4; lastKnownFileType = sourcecode.swift; path = MainViewController.swift; sourceTree = "<group>"; };
		8EABF98E6A1508EB333D5709 /* Pods_SwiftyTests.framework */ = {isa = PBXFileReference; explicitFileType = wrapper.framework; includeInIndex = 0; path = Pods_SwiftyTests.framework; sourceTree = BUILT_PRODUCTS_DIR; };
		DEB88E308661115C7D49B48B /* Pods-SwiftyUITests.release.xcconfig */ = {isa = PBXFileReference; includeInIndex = 1; lastKnownFileType = text.xcconfig; name = "Pods-SwiftyUITests.release.xcconfig"; path = "Pods/Target Support Files/Pods-SwiftyUITests/Pods-SwiftyUITests.release.xcconfig"; sourceTree = "<group>"; };
		EB14382390218061D53266C5 /* Pods-SwiftyTests.release.xcconfig */ = {isa = PBXFileReference; includeInIndex = 1; lastKnownFileType = text.xcconfig; name = "Pods-SwiftyTests.release.xcconfig"; path = "Pods/Target Support Files/Pods-SwiftyTests/Pods-SwiftyTests.release.xcconfig"; sourceTree = "<group>"; };
/* End PBXFileReference section */

/* Begin PBXFrameworksBuildPhase section */
		7468B70E1DFC5E82009A6CD5 /* Frameworks */ = {
			isa = PBXFrameworksBuildPhase;
			buildActionMask = 2147483647;
			files = (
				5983755341F04F394C82A112 /* Pods_Swifty.framework in Frameworks */,
			);
			runOnlyForDeploymentPostprocessing = 0;
		};
		7468B7221DFC5E82009A6CD5 /* Frameworks */ = {
			isa = PBXFrameworksBuildPhase;
			buildActionMask = 2147483647;
			files = (
				1712F23542D5B12A15BC593B /* Pods_SwiftyTests.framework in Frameworks */,
			);
			runOnlyForDeploymentPostprocessing = 0;
		};
		7468B72D1DFC5E82009A6CD5 /* Frameworks */ = {
			isa = PBXFrameworksBuildPhase;
			buildActionMask = 2147483647;
			files = (
				BB526BF62A4EAC3DB2614FAD /* Pods_SwiftyUITests.framework in Frameworks */,
			);
			runOnlyForDeploymentPostprocessing = 0;
		};
/* End PBXFrameworksBuildPhase section */

/* Begin PBXGroup section */
		167CC4853F12586876D17215 /* Frameworks */ = {
			isa = PBXGroup;
			children = (
				1D6AA5D97BF9B7E3A455D7C5 /* Pods_Swifty.framework */,
				8EABF98E6A1508EB333D5709 /* Pods_SwiftyTests.framework */,
				1E78568A194FA5D39DEED5C6 /* Pods_SwiftyUITests.framework */,
			);
			name = Frameworks;
			sourceTree = "<group>";
		};
		7468B7081DFC5E82009A6CD5 = {
			isa = PBXGroup;
			children = (
				7468B7131DFC5E82009A6CD5 /* Swifty */,
				7468B7281DFC5E82009A6CD5 /* SwiftyTests */,
				7468B7331DFC5E82009A6CD5 /* SwiftyUITests */,
				7468B7121DFC5E82009A6CD5 /* Products */,
				A1FF7D03C54271671778F92E /* Pods */,
				167CC4853F12586876D17215 /* Frameworks */,
			);
			sourceTree = "<group>";
		};
		7468B7121DFC5E82009A6CD5 /* Products */ = {
			isa = PBXGroup;
			children = (
				7468B7111DFC5E82009A6CD5 /* Swifty.app */,
				7468B7251DFC5E82009A6CD5 /* SwiftyTests.xctest */,
				7468B7301DFC5E82009A6CD5 /* SwiftyUITests.xctest */,
			);
			name = Products;
			sourceTree = "<group>";
		};
		7468B7131DFC5E82009A6CD5 /* Swifty */ = {
			isa = PBXGroup;
			children = (
				7468B7441DFC5EDA009A6CD5 /* Delegate */,
				7468B7431DFC5EC2009A6CD5 /* Storyboards */,
				7468B7421DFC5EB1009A6CD5 /* Controllers */,
				7468B71B1DFC5E82009A6CD5 /* Assets.xcassets */,
				7468B7201DFC5E82009A6CD5 /* Info.plist */,
			);
			path = Swifty;
			sourceTree = "<group>";
		};
		7468B7281DFC5E82009A6CD5 /* SwiftyTests */ = {
			isa = PBXGroup;
			children = (
				7468B7291DFC5E82009A6CD5 /* SwiftyTests.swift */,
				7468B72B1DFC5E82009A6CD5 /* Info.plist */,
			);
			path = SwiftyTests;
			sourceTree = "<group>";
		};
		7468B7331DFC5E82009A6CD5 /* SwiftyUITests */ = {
			isa = PBXGroup;
			children = (
				7468B7341DFC5E82009A6CD5 /* SwiftyUITests.swift */,
				7468B7361DFC5E82009A6CD5 /* Info.plist */,
			);
			path = SwiftyUITests;
			sourceTree = "<group>";
		};
		7468B7421DFC5EB1009A6CD5 /* Controllers */ = {
			isa = PBXGroup;
			children = (
				7468B7491DFC5F70009A6CD5 /* ButtonBadgeController.swift */,
				7468B74B1DFC6330009A6CD5 /* MainViewController.swift */,
			);
			name = Controllers;
			sourceTree = "<group>";
		};
		7468B7431DFC5EC2009A6CD5 /* Storyboards */ = {
			isa = PBXGroup;
			children = (
				7468B7181DFC5E82009A6CD5 /* Main.storyboard */,
				7468B71D1DFC5E82009A6CD5 /* LaunchScreen.storyboard */,
				7468B7471DFC5F58009A6CD5 /* ButtonBadge.storyboard */,
			);
			name = Storyboards;
			sourceTree = "<group>";
		};
		7468B7441DFC5EDA009A6CD5 /* Delegate */ = {
			isa = PBXGroup;
			children = (
				7468B7141DFC5E82009A6CD5 /* AppDelegate.swift */,
			);
			name = Delegate;
			sourceTree = "<group>";
		};
		A1FF7D03C54271671778F92E /* Pods */ = {
			isa = PBXGroup;
			children = (
				4861D24488C6DCC1D49F10D0 /* Pods-Swifty.debug.xcconfig */,
				1307A00AE3BCA7A5ED6E26C9 /* Pods-Swifty.release.xcconfig */,
				26EF8BF5A7BC6E50258A190B /* Pods-SwiftyTests.debug.xcconfig */,
				EB14382390218061D53266C5 /* Pods-SwiftyTests.release.xcconfig */,
				3F2491193DEB62891E5C9AB7 /* Pods-SwiftyUITests.debug.xcconfig */,
				DEB88E308661115C7D49B48B /* Pods-SwiftyUITests.release.xcconfig */,
			);
			name = Pods;
			sourceTree = "<group>";
		};
/* End PBXGroup section */

/* Begin PBXNativeTarget section */
		7468B7101DFC5E82009A6CD5 /* Swifty */ = {
			isa = PBXNativeTarget;
			buildConfigurationList = 7468B7391DFC5E82009A6CD5 /* Build configuration list for PBXNativeTarget "Swifty" */;
			buildPhases = (
				B304724BBB696BF162CD2C5C /* [CP] Check Pods Manifest.lock */,
				7468B70D1DFC5E82009A6CD5 /* Sources */,
				7468B70E1DFC5E82009A6CD5 /* Frameworks */,
				7468B70F1DFC5E82009A6CD5 /* Resources */,
				28CE198012B7E89EA25EBDBE /* [CP] Embed Pods Frameworks */,
				927398EEF418BBF1031F879C /* [CP] Copy Pods Resources */,
			);
			buildRules = (
			);
			dependencies = (
			);
			name = Swifty;
			productName = Swifty;
			productReference = 7468B7111DFC5E82009A6CD5 /* Swifty.app */;
			productType = "com.apple.product-type.application";
		};
		7468B7241DFC5E82009A6CD5 /* SwiftyTests */ = {
			isa = PBXNativeTarget;
			buildConfigurationList = 7468B73C1DFC5E82009A6CD5 /* Build configuration list for PBXNativeTarget "SwiftyTests" */;
			buildPhases = (
				A9E698C1BC578B86AC9CCB8A /* [CP] Check Pods Manifest.lock */,
				7468B7211DFC5E82009A6CD5 /* Sources */,
				7468B7221DFC5E82009A6CD5 /* Frameworks */,
				7468B7231DFC5E82009A6CD5 /* Resources */,
				3E8F60156FA787A7C975E452 /* [CP] Embed Pods Frameworks */,
				FA22DD3AF8B1BE61FA9FA065 /* [CP] Copy Pods Resources */,
			);
			buildRules = (
			);
			dependencies = (
				7468B7271DFC5E82009A6CD5 /* PBXTargetDependency */,
			);
			name = SwiftyTests;
			productName = SwiftyTests;
			productReference = 7468B7251DFC5E82009A6CD5 /* SwiftyTests.xctest */;
			productType = "com.apple.product-type.bundle.unit-test";
		};
		7468B72F1DFC5E82009A6CD5 /* SwiftyUITests */ = {
			isa = PBXNativeTarget;
			buildConfigurationList = 7468B73F1DFC5E82009A6CD5 /* Build configuration list for PBXNativeTarget "SwiftyUITests" */;
			buildPhases = (
				3FBA53D8EF5BDBB00BA02094 /* [CP] Check Pods Manifest.lock */,
				7468B72C1DFC5E82009A6CD5 /* Sources */,
				7468B72D1DFC5E82009A6CD5 /* Frameworks */,
				7468B72E1DFC5E82009A6CD5 /* Resources */,
				670B35EA47BE6A1EADEC5EB3 /* [CP] Embed Pods Frameworks */,
				DEB4BDD729BC7C200F24DABF /* [CP] Copy Pods Resources */,
			);
			buildRules = (
			);
			dependencies = (
				7468B7321DFC5E82009A6CD5 /* PBXTargetDependency */,
			);
			name = SwiftyUITests;
			productName = SwiftyUITests;
			productReference = 7468B7301DFC5E82009A6CD5 /* SwiftyUITests.xctest */;
			productType = "com.apple.product-type.bundle.ui-testing";
		};
/* End PBXNativeTarget section */

/* Begin PBXProject section */
		7468B7091DFC5E82009A6CD5 /* Project object */ = {
			isa = PBXProject;
			attributes = {
				LastSwiftUpdateCheck = 0810;
				LastUpgradeCheck = 0810;
				ORGANIZATIONNAME = Medullan;
				TargetAttributes = {
					7468B7101DFC5E82009A6CD5 = {
						CreatedOnToolsVersion = 8.1;
						DevelopmentTeam = JXC673Q3F4;
						ProvisioningStyle = Automatic;
					};
					7468B7241DFC5E82009A6CD5 = {
						CreatedOnToolsVersion = 8.1;
						DevelopmentTeam = JXC673Q3F4;
						ProvisioningStyle = Automatic;
						TestTargetID = 7468B7101DFC5E82009A6CD5;
					};
					7468B72F1DFC5E82009A6CD5 = {
						CreatedOnToolsVersion = 8.1;
						DevelopmentTeam = JXC673Q3F4;
						ProvisioningStyle = Automatic;
						TestTargetID = 7468B7101DFC5E82009A6CD5;
					};
				};
			};
			buildConfigurationList = 7468B70C1DFC5E82009A6CD5 /* Build configuration list for PBXProject "Swifty" */;
			compatibilityVersion = "Xcode 3.2";
			developmentRegion = English;
			hasScannedForEncodings = 0;
			knownRegions = (
				en,
				Base,
			);
			mainGroup = 7468B7081DFC5E82009A6CD5;
			productRefGroup = 7468B7121DFC5E82009A6CD5 /* Products */;
			projectDirPath = "";
			projectRoot = "";
			targets = (
				7468B7101DFC5E82009A6CD5 /* Swifty */,
				7468B7241DFC5E82009A6CD5 /* SwiftyTests */,
				7468B72F1DFC5E82009A6CD5 /* SwiftyUITests */,
			);
		};
/* End PBXProject section */

/* Begin PBXResourcesBuildPhase section */
		7468B70F1DFC5E82009A6CD5 /* Resources */ = {
			isa = PBXResourcesBuildPhase;
			buildActionMask = 2147483647;
			files = (
				7468B7481DFC5F58009A6CD5 /* ButtonBadge.storyboard in Resources */,
				7468B71F1DFC5E82009A6CD5 /* LaunchScreen.storyboard in Resources */,
				7468B71C1DFC5E82009A6CD5 /* Assets.xcassets in Resources */,
				7468B71A1DFC5E82009A6CD5 /* Main.storyboard in Resources */,
			);
			runOnlyForDeploymentPostprocessing = 0;
		};
		7468B7231DFC5E82009A6CD5 /* Resources */ = {
			isa = PBXResourcesBuildPhase;
			buildActionMask = 2147483647;
			files = (
			);
			runOnlyForDeploymentPostprocessing = 0;
		};
		7468B72E1DFC5E82009A6CD5 /* Resources */ = {
			isa = PBXResourcesBuildPhase;
			buildActionMask = 2147483647;
			files = (
			);
			runOnlyForDeploymentPostprocessing = 0;
		};
/* End PBXResourcesBuildPhase section */

/* Begin PBXShellScriptBuildPhase section */
		28CE198012B7E89EA25EBDBE /* [CP] Embed Pods Frameworks */ = {
			isa = PBXShellScriptBuildPhase;
			buildActionMask = 2147483647;
			files = (
			);
			inputPaths = (
			);
			name = "[CP] Embed Pods Frameworks";
			outputPaths = (
			);
			runOnlyForDeploymentPostprocessing = 0;
			shellPath = /bin/sh;
			shellScript = "\"${SRCROOT}/Pods/Target Support Files/Pods-Swifty/Pods-Swifty-frameworks.sh\"\n";
			showEnvVarsInLog = 0;
		};
		3E8F60156FA787A7C975E452 /* [CP] Embed Pods Frameworks */ = {
			isa = PBXShellScriptBuildPhase;
			buildActionMask = 2147483647;
			files = (
			);
			inputPaths = (
			);
			name = "[CP] Embed Pods Frameworks";
			outputPaths = (
			);
			runOnlyForDeploymentPostprocessing = 0;
			shellPath = /bin/sh;
			shellScript = "\"${SRCROOT}/Pods/Target Support Files/Pods-SwiftyTests/Pods-SwiftyTests-frameworks.sh\"\n";
			showEnvVarsInLog = 0;
		};
		3FBA53D8EF5BDBB00BA02094 /* [CP] Check Pods Manifest.lock */ = {
			isa = PBXShellScriptBuildPhase;
			buildActionMask = 2147483647;
			files = (
			);
			inputPaths = (
			);
			name = "[CP] Check Pods Manifest.lock";
			outputPaths = (
			);
			runOnlyForDeploymentPostprocessing = 0;
			shellPath = /bin/sh;
			shellScript = "diff \"${PODS_ROOT}/../Podfile.lock\" \"${PODS_ROOT}/Manifest.lock\" > /dev/null\nif [ $? != 0 ] ; then\n    # print error to STDERR\n    echo \"error: The sandbox is not in sync with the Podfile.lock. Run 'pod install' or update your CocoaPods installation.\" >&2\n    exit 1\nfi\n";
			showEnvVarsInLog = 0;
		};
		670B35EA47BE6A1EADEC5EB3 /* [CP] Embed Pods Frameworks */ = {
			isa = PBXShellScriptBuildPhase;
			buildActionMask = 2147483647;
			files = (
			);
			inputPaths = (
			);
			name = "[CP] Embed Pods Frameworks";
			outputPaths = (
			);
			runOnlyForDeploymentPostprocessing = 0;
			shellPath = /bin/sh;
			shellScript = "\"${SRCROOT}/Pods/Target Support Files/Pods-SwiftyUITests/Pods-SwiftyUITests-frameworks.sh\"\n";
			showEnvVarsInLog = 0;
		};
		927398EEF418BBF1031F879C /* [CP] Copy Pods Resources */ = {
			isa = PBXShellScriptBuildPhase;
			buildActionMask = 2147483647;
			files = (
			);
			inputPaths = (
			);
			name = "[CP] Copy Pods Resources";
			outputPaths = (
			);
			runOnlyForDeploymentPostprocessing = 0;
			shellPath = /bin/sh;
			shellScript = "\"${SRCROOT}/Pods/Target Support Files/Pods-Swifty/Pods-Swifty-resources.sh\"\n";
			showEnvVarsInLog = 0;
		};
		A9E698C1BC578B86AC9CCB8A /* [CP] Check Pods Manifest.lock */ = {
			isa = PBXShellScriptBuildPhase;
			buildActionMask = 2147483647;
			files = (
			);
			inputPaths = (
			);
			name = "[CP] Check Pods Manifest.lock";
			outputPaths = (
			);
			runOnlyForDeploymentPostprocessing = 0;
			shellPath = /bin/sh;
			shellScript = "diff \"${PODS_ROOT}/../Podfile.lock\" \"${PODS_ROOT}/Manifest.lock\" > /dev/null\nif [ $? != 0 ] ; then\n    # print error to STDERR\n    echo \"error: The sandbox is not in sync with the Podfile.lock. Run 'pod install' or update your CocoaPods installation.\" >&2\n    exit 1\nfi\n";
			showEnvVarsInLog = 0;
		};
		B304724BBB696BF162CD2C5C /* [CP] Check Pods Manifest.lock */ = {
			isa = PBXShellScriptBuildPhase;
			buildActionMask = 2147483647;
			files = (
			);
			inputPaths = (
			);
			name = "[CP] Check Pods Manifest.lock";
			outputPaths = (
			);
			runOnlyForDeploymentPostprocessing = 0;
			shellPath = /bin/sh;
			shellScript = "diff \"${PODS_ROOT}/../Podfile.lock\" \"${PODS_ROOT}/Manifest.lock\" > /dev/null\nif [ $? != 0 ] ; then\n    # print error to STDERR\n    echo \"error: The sandbox is not in sync with the Podfile.lock. Run 'pod install' or update your CocoaPods installation.\" >&2\n    exit 1\nfi\n";
			showEnvVarsInLog = 0;
		};
		DEB4BDD729BC7C200F24DABF /* [CP] Copy Pods Resources */ = {
			isa = PBXShellScriptBuildPhase;
			buildActionMask = 2147483647;
			files = (
			);
			inputPaths = (
			);
			name = "[CP] Copy Pods Resources";
			outputPaths = (
			);
			runOnlyForDeploymentPostprocessing = 0;
			shellPath = /bin/sh;
			shellScript = "\"${SRCROOT}/Pods/Target Support Files/Pods-SwiftyUITests/Pods-SwiftyUITests-resources.sh\"\n";
			showEnvVarsInLog = 0;
		};
		FA22DD3AF8B1BE61FA9FA065 /* [CP] Copy Pods Resources */ = {
			isa = PBXShellScriptBuildPhase;
			buildActionMask = 2147483647;
			files = (
			);
			inputPaths = (
			);
			name = "[CP] Copy Pods Resources";
			outputPaths = (
			);
			runOnlyForDeploymentPostprocessing = 0;
			shellPath = /bin/sh;
			shellScript = "\"${SRCROOT}/Pods/Target Support Files/Pods-SwiftyTests/Pods-SwiftyTests-resources.sh\"\n";
			showEnvVarsInLog = 0;
		};
/* End PBXShellScriptBuildPhase section */

/* Begin PBXSourcesBuildPhase section */
		7468B70D1DFC5E82009A6CD5 /* Sources */ = {
			isa = PBXSourcesBuildPhase;
			buildActionMask = 2147483647;
			files = (
				7468B74C1DFC6330009A6CD5 /* MainViewController.swift in Sources */,
				7468B7151DFC5E82009A6CD5 /* AppDelegate.swift in Sources */,
				7468B74A1DFC5F70009A6CD5 /* ButtonBadgeController.swift in Sources */,
			);
			runOnlyForDeploymentPostprocessing = 0;
		};
		7468B7211DFC5E82009A6CD5 /* Sources */ = {
			isa = PBXSourcesBuildPhase;
			buildActionMask = 2147483647;
			files = (
				7468B72A1DFC5E82009A6CD5 /* SwiftyTests.swift in Sources */,
			);
			runOnlyForDeploymentPostprocessing = 0;
		};
		7468B72C1DFC5E82009A6CD5 /* Sources */ = {
			isa = PBXSourcesBuildPhase;
			buildActionMask = 2147483647;
			files = (
				7468B7351DFC5E82009A6CD5 /* SwiftyUITests.swift in Sources */,
			);
			runOnlyForDeploymentPostprocessing = 0;
		};
/* End PBXSourcesBuildPhase section */

/* Begin PBXTargetDependency section */
		7468B7271DFC5E82009A6CD5 /* PBXTargetDependency */ = {
			isa = PBXTargetDependency;
			target = 7468B7101DFC5E82009A6CD5 /* Swifty */;
			targetProxy = 7468B7261DFC5E82009A6CD5 /* PBXContainerItemProxy */;
		};
		7468B7321DFC5E82009A6CD5 /* PBXTargetDependency */ = {
			isa = PBXTargetDependency;
			target = 7468B7101DFC5E82009A6CD5 /* Swifty */;
			targetProxy = 7468B7311DFC5E82009A6CD5 /* PBXContainerItemProxy */;
		};
/* End PBXTargetDependency section */

/* Begin PBXVariantGroup section */
		7468B7181DFC5E82009A6CD5 /* Main.storyboard */ = {
			isa = PBXVariantGroup;
			children = (
				7468B7191DFC5E82009A6CD5 /* Base */,
			);
			name = Main.storyboard;
			sourceTree = "<group>";
		};
		7468B71D1DFC5E82009A6CD5 /* LaunchScreen.storyboard */ = {
			isa = PBXVariantGroup;
			children = (
				7468B71E1DFC5E82009A6CD5 /* Base */,
			);
			name = LaunchScreen.storyboard;
			sourceTree = "<group>";
		};
/* End PBXVariantGroup section */

/* Begin XCBuildConfiguration section */
		7468B7371DFC5E82009A6CD5 /* Debug */ = {
			isa = XCBuildConfiguration;
			buildSettings = {
				ALWAYS_SEARCH_USER_PATHS = NO;
				CLANG_ANALYZER_NONNULL = YES;
				CLANG_CXX_LANGUAGE_STANDARD = "gnu++0x";
				CLANG_CXX_LIBRARY = "libc++";
				CLANG_ENABLE_MODULES = YES;
				CLANG_ENABLE_OBJC_ARC = YES;
				CLANG_WARN_BOOL_CONVERSION = YES;
				CLANG_WARN_CONSTANT_CONVERSION = YES;
				CLANG_WARN_DIRECT_OBJC_ISA_USAGE = YES_ERROR;
				CLANG_WARN_DOCUMENTATION_COMMENTS = YES;
				CLANG_WARN_EMPTY_BODY = YES;
				CLANG_WARN_ENUM_CONVERSION = YES;
				CLANG_WARN_INFINITE_RECURSION = YES;
				CLANG_WARN_INT_CONVERSION = YES;
				CLANG_WARN_OBJC_ROOT_CLASS = YES_ERROR;
				CLANG_WARN_SUSPICIOUS_MOVES = YES;
				CLANG_WARN_UNREACHABLE_CODE = YES;
				CLANG_WARN__DUPLICATE_METHOD_MATCH = YES;
				"CODE_SIGN_IDENTITY[sdk=iphoneos*]" = "iPhone Developer";
				COPY_PHASE_STRIP = NO;
				DEBUG_INFORMATION_FORMAT = dwarf;
				ENABLE_STRICT_OBJC_MSGSEND = YES;
				ENABLE_TESTABILITY = YES;
				GCC_C_LANGUAGE_STANDARD = gnu99;
				GCC_DYNAMIC_NO_PIC = NO;
				GCC_NO_COMMON_BLOCKS = YES;
				GCC_OPTIMIZATION_LEVEL = 0;
				GCC_PREPROCESSOR_DEFINITIONS = (
					"DEBUG=1",
					"$(inherited)",
				);
				GCC_WARN_64_TO_32_BIT_CONVERSION = YES;
				GCC_WARN_ABOUT_RETURN_TYPE = YES_ERROR;
				GCC_WARN_UNDECLARED_SELECTOR = YES;
				GCC_WARN_UNINITIALIZED_AUTOS = YES_AGGRESSIVE;
				GCC_WARN_UNUSED_FUNCTION = YES;
				GCC_WARN_UNUSED_VARIABLE = YES;
				IPHONEOS_DEPLOYMENT_TARGET = 10.1;
				MTL_ENABLE_DEBUG_INFO = YES;
				ONLY_ACTIVE_ARCH = YES;
				SDKROOT = iphoneos;
				SWIFT_ACTIVE_COMPILATION_CONDITIONS = DEBUG;
				SWIFT_OPTIMIZATION_LEVEL = "-Onone";
				TARGETED_DEVICE_FAMILY = "1,2";
			};
			name = Debug;
		};
		7468B7381DFC5E82009A6CD5 /* Release */ = {
			isa = XCBuildConfiguration;
			buildSettings = {
				ALWAYS_SEARCH_USER_PATHS = NO;
				CLANG_ANALYZER_NONNULL = YES;
				CLANG_CXX_LANGUAGE_STANDARD = "gnu++0x";
				CLANG_CXX_LIBRARY = "libc++";
				CLANG_ENABLE_MODULES = YES;
				CLANG_ENABLE_OBJC_ARC = YES;
				CLANG_WARN_BOOL_CONVERSION = YES;
				CLANG_WARN_CONSTANT_CONVERSION = YES;
				CLANG_WARN_DIRECT_OBJC_ISA_USAGE = YES_ERROR;
				CLANG_WARN_DOCUMENTATION_COMMENTS = YES;
				CLANG_WARN_EMPTY_BODY = YES;
				CLANG_WARN_ENUM_CONVERSION = YES;
				CLANG_WARN_INFINITE_RECURSION = YES;
				CLANG_WARN_INT_CONVERSION = YES;
				CLANG_WARN_OBJC_ROOT_CLASS = YES_ERROR;
				CLANG_WARN_SUSPICIOUS_MOVES = YES;
				CLANG_WARN_UNREACHABLE_CODE = YES;
				CLANG_WARN__DUPLICATE_METHOD_MATCH = YES;
				"CODE_SIGN_IDENTITY[sdk=iphoneos*]" = "iPhone Developer";
				COPY_PHASE_STRIP = NO;
				DEBUG_INFORMATION_FORMAT = "dwarf-with-dsym";
				ENABLE_NS_ASSERTIONS = NO;
				ENABLE_STRICT_OBJC_MSGSEND = YES;
				GCC_C_LANGUAGE_STANDARD = gnu99;
				GCC_NO_COMMON_BLOCKS = YES;
				GCC_WARN_64_TO_32_BIT_CONVERSION = YES;
				GCC_WARN_ABOUT_RETURN_TYPE = YES_ERROR;
				GCC_WARN_UNDECLARED_SELECTOR = YES;
				GCC_WARN_UNINITIALIZED_AUTOS = YES_AGGRESSIVE;
				GCC_WARN_UNUSED_FUNCTION = YES;
				GCC_WARN_UNUSED_VARIABLE = YES;
				IPHONEOS_DEPLOYMENT_TARGET = 10.1;
				MTL_ENABLE_DEBUG_INFO = NO;
				SDKROOT = iphoneos;
				SWIFT_OPTIMIZATION_LEVEL = "-Owholemodule";
				TARGETED_DEVICE_FAMILY = "1,2";
				VALIDATE_PRODUCT = YES;
			};
			name = Release;
		};
		7468B73A1DFC5E82009A6CD5 /* Debug */ = {
			isa = XCBuildConfiguration;
			baseConfigurationReference = 4861D24488C6DCC1D49F10D0 /* Pods-Swifty.debug.xcconfig */;
			buildSettings = {
				ASSETCATALOG_COMPILER_APPICON_NAME = AppIcon;
				DEVELOPMENT_TEAM = JXC673Q3F4;
				INFOPLIST_FILE = Swifty/Info.plist;
				LD_RUNPATH_SEARCH_PATHS = "$(inherited) @executable_path/Frameworks";
				PRODUCT_BUNDLE_IDENTIFIER = Medullan.Swifty;
				PRODUCT_NAME = "$(TARGET_NAME)";
				SWIFT_VERSION = 3.0;
			};
			name = Debug;
		};
		7468B73B1DFC5E82009A6CD5 /* Release */ = {
			isa = XCBuildConfiguration;
			baseConfigurationReference = 1307A00AE3BCA7A5ED6E26C9 /* Pods-Swifty.release.xcconfig */;
			buildSettings = {
				ASSETCATALOG_COMPILER_APPICON_NAME = AppIcon;
				DEVELOPMENT_TEAM = JXC673Q3F4;
				INFOPLIST_FILE = Swifty/Info.plist;
				LD_RUNPATH_SEARCH_PATHS = "$(inherited) @executable_path/Frameworks";
				PRODUCT_BUNDLE_IDENTIFIER = Medullan.Swifty;
				PRODUCT_NAME = "$(TARGET_NAME)";
				SWIFT_VERSION = 3.0;
			};
			name = Release;
		};
		7468B73D1DFC5E82009A6CD5 /* Debug */ = {
			isa = XCBuildConfiguration;
			baseConfigurationReference = 26EF8BF5A7BC6E50258A190B /* Pods-SwiftyTests.debug.xcconfig */;
			buildSettings = {
				ALWAYS_EMBED_SWIFT_STANDARD_LIBRARIES = YES;
				BUNDLE_LOADER = "$(TEST_HOST)";
				DEVELOPMENT_TEAM = JXC673Q3F4;
				INFOPLIST_FILE = SwiftyTests/Info.plist;
				LD_RUNPATH_SEARCH_PATHS = "$(inherited) @executable_path/Frameworks @loader_path/Frameworks";
				PRODUCT_BUNDLE_IDENTIFIER = Medullan.SwiftyTests;
				PRODUCT_NAME = "$(TARGET_NAME)";
				SWIFT_VERSION = 3.0;
				TEST_HOST = "$(BUILT_PRODUCTS_DIR)/Swifty.app/Swifty";
			};
			name = Debug;
		};
		7468B73E1DFC5E82009A6CD5 /* Release */ = {
			isa = XCBuildConfiguration;
			baseConfigurationReference = EB14382390218061D53266C5 /* Pods-SwiftyTests.release.xcconfig */;
			buildSettings = {
				ALWAYS_EMBED_SWIFT_STANDARD_LIBRARIES = YES;
				BUNDLE_LOADER = "$(TEST_HOST)";
				DEVELOPMENT_TEAM = JXC673Q3F4;
				INFOPLIST_FILE = SwiftyTests/Info.plist;
				LD_RUNPATH_SEARCH_PATHS = "$(inherited) @executable_path/Frameworks @loader_path/Frameworks";
				PRODUCT_BUNDLE_IDENTIFIER = Medullan.SwiftyTests;
				PRODUCT_NAME = "$(TARGET_NAME)";
				SWIFT_VERSION = 3.0;
				TEST_HOST = "$(BUILT_PRODUCTS_DIR)/Swifty.app/Swifty";
			};
			name = Release;
		};
		7468B7401DFC5E82009A6CD5 /* Debug */ = {
			isa = XCBuildConfiguration;
			baseConfigurationReference = 3F2491193DEB62891E5C9AB7 /* Pods-SwiftyUITests.debug.xcconfig */;
			buildSettings = {
				ALWAYS_EMBED_SWIFT_STANDARD_LIBRARIES = YES;
				DEVELOPMENT_TEAM = JXC673Q3F4;
				INFOPLIST_FILE = SwiftyUITests/Info.plist;
				LD_RUNPATH_SEARCH_PATHS = "$(inherited) @executable_path/Frameworks @loader_path/Frameworks";
				PRODUCT_BUNDLE_IDENTIFIER = Medullan.SwiftyUITests;
				PRODUCT_NAME = "$(TARGET_NAME)";
				SWIFT_VERSION = 3.0;
				TEST_TARGET_NAME = Swifty;
			};
			name = Debug;
		};
		7468B7411DFC5E82009A6CD5 /* Release */ = {
			isa = XCBuildConfiguration;
			baseConfigurationReference = DEB88E308661115C7D49B48B /* Pods-SwiftyUITests.release.xcconfig */;
			buildSettings = {
				ALWAYS_EMBED_SWIFT_STANDARD_LIBRARIES = YES;
				DEVELOPMENT_TEAM = JXC673Q3F4;
				INFOPLIST_FILE = SwiftyUITests/Info.plist;
				LD_RUNPATH_SEARCH_PATHS = "$(inherited) @executable_path/Frameworks @loader_path/Frameworks";
				PRODUCT_BUNDLE_IDENTIFIER = Medullan.SwiftyUITests;
				PRODUCT_NAME = "$(TARGET_NAME)";
				SWIFT_VERSION = 3.0;
				TEST_TARGET_NAME = Swifty;
			};
			name = Release;
		};
/* End XCBuildConfiguration section */

/* Begin XCConfigurationList section */
		7468B70C1DFC5E82009A6CD5 /* Build configuration list for PBXProject "Swifty" */ = {
			isa = XCConfigurationList;
			buildConfigurations = (
				7468B7371DFC5E82009A6CD5 /* Debug */,
				7468B7381DFC5E82009A6CD5 /* Release */,
			);
			defaultConfigurationIsVisible = 0;
			defaultConfigurationName = Release;
		};
		7468B7391DFC5E82009A6CD5 /* Build configuration list for PBXNativeTarget "Swifty" */ = {
			isa = XCConfigurationList;
			buildConfigurations = (
				7468B73A1DFC5E82009A6CD5 /* Debug */,
				7468B73B1DFC5E82009A6CD5 /* Release */,
			);
			defaultConfigurationIsVisible = 0;
		};
		7468B73C1DFC5E82009A6CD5 /* Build configuration list for PBXNativeTarget "SwiftyTests" */ = {
			isa = XCConfigurationList;
			buildConfigurations = (
				7468B73D1DFC5E82009A6CD5 /* Debug */,
				7468B73E1DFC5E82009A6CD5 /* Release */,
			);
			defaultConfigurationIsVisible = 0;
		};
		7468B73F1DFC5E82009A6CD5 /* Build configuration list for PBXNativeTarget "SwiftyUITests" */ = {
			isa = XCConfigurationList;
			buildConfigurations = (
				7468B7401DFC5E82009A6CD5 /* Debug */,
				7468B7411DFC5E82009A6CD5 /* Release */,
			);
			defaultConfigurationIsVisible = 0;
		};
/* End XCConfigurationList section */
	};
	rootObject = 7468B7091DFC5E82009A6CD5 /* Project object */;
}
